// !$*UTF8*$!
{
	archiveVersion = 1;
	classes = {
	};
	objectVersion = 56;
	objects = {

/* Begin PBXBuildFile section */
		00317EF7895D2DB3E87935FF /* EditorState.swift in Sources */ = {isa = PBXBuildFile; fileRef = E34EFE8821485D62E7C7752F /* EditorState.swift */; };
		07F93E64C5DBAC310348DBCC /* DiagnosticsView.swift in Sources */ = {isa = PBXBuildFile; fileRef = 030A63D11EB29D7B0C05ED76 /* DiagnosticsView.swift */; };
		1A0A3A18C5B0B1F8E342101B /* PDFKitRepresentable.swift in Sources */ = {isa = PBXBuildFile; fileRef = 6E1BDBF0E8FEA2E92F80AEAE /* PDFKitRepresentable.swift */; };
		1ED671438D343D57EAB98652 /* RatexEditorApp.swift in Sources */ = {isa = PBXBuildFile; fileRef = C7C98C73A6BCC373E9310188 /* RatexEditorApp.swift */; };
		2D6C5FF3F0A4792E53002240 /* WelcomeView.swift in Sources */ = {isa = PBXBuildFile; fileRef = 30C352BAFB4F0292A9033C84 /* WelcomeView.swift */; };
		3D4AFC07CF3C59CB23B78A75 /* WorkspaceModel.swift in Sources */ = {isa = PBXBuildFile; fileRef = 60296D6062E5C4F4F919738E /* WorkspaceModel.swift */; };
		51B31CCA98C14F284664B733 /* RatexEngine.swift in Sources */ = {isa = PBXBuildFile; fileRef = C79AC86B21DA893C1FE8EDC0 /* RatexEngine.swift */; };
		65735538305F55D4007477E9 /* SettingsView.swift in Sources */ = {isa = PBXBuildFile; fileRef = 65735537305F55D4007477E9 /* SettingsView.swift */; };
		90945AFCCB876E942014ABA4 /* TeXDocument.swift in Sources */ = {isa = PBXBuildFile; fileRef = 5A5EDAD871E93C6D259B8AE1 /* TeXDocument.swift */; };
		97E9DEDDB05B441171B7D999 /* EditorToolbar.swift in Sources */ = {isa = PBXBuildFile; fileRef = D1612EA3F45DF5BA2BE63FF7 /* EditorToolbar.swift */; };
		A17A4D928FE8E0151E51901C /* Templates.swift in Sources */ = {isa = PBXBuildFile; fileRef = 2EC0209DB06113C27A831BE3 /* Templates.swift */; };
		A1C01C01C01C01C01C01C002 /* AppIcon.icns in Resources */ = {isa = PBXBuildFile; fileRef = A1C01C01C01C01C01C01C001 /* AppIcon.icns */; };
		A1C01C01C01C01C01C01C020 /* Localizable.xcstrings in Resources */ = {isa = PBXBuildFile; fileRef = A1C01C01C01C01C01C01C021 /* Localizable.xcstrings */; };
		A1C01C01C01C01C01C01C030 /* InfoPlist.xcstrings in Resources */ = {isa = PBXBuildFile; fileRef = A1C01C01C01C01C01C01C031 /* InfoPlist.xcstrings */; };
		B50DB72C49E2CA29024FBDC9 /* MathPaletteView.swift in Sources */ = {isa = PBXBuildFile; fileRef = 58575D004FBF483B95C7B70F /* MathPaletteView.swift */; };
		C01C01C01C01C01C01C00011 /* ConsoleLogTextView.swift in Sources */ = {isa = PBXBuildFile; fileRef = C01C01C01C01C01C01C00010 /* ConsoleLogTextView.swift */; };
		C90AE133133FDDE6B931F5D9 /* ProjectSidebarView.swift in Sources */ = {isa = PBXBuildFile; fileRef = F07FED15374212B79C09FBA7 /* ProjectSidebarView.swift */; };
		D6ADEC0A7CC0A442931F6433 /* MainSplitView.swift in Sources */ = {isa = PBXBuildFile; fileRef = E93DD05592F907E7861685B7 /* MainSplitView.swift */; };
		DB18FF58F4EF21A89EEC8FC5 /* libtex.a in Frameworks */ = {isa = PBXBuildFile; fileRef = 6FF00E145772C9B23EF172E6 /* libtex.a */; };
		F52F151697094F7BE5519D91 /* SourceEditorView.swift in Sources */ = {isa = PBXBuildFile; fileRef = F4529BBBC6942CA1D0E54F30 /* SourceEditorView.swift */; };
/* End PBXBuildFile section */

/* Begin PBXFileReference section */
		030A63D11EB29D7B0C05ED76 /* DiagnosticsView.swift */ = {isa = PBXFileReference; lastKnownFileType = sourcecode.swift; path = DiagnosticsView.swift; sourceTree = "<group>"; };
		19B10A18077FDE1B282CB480 /* RatexBridge.h */ = {isa = PBXFileReference; lastKnownFileType = sourcecode.c.h; path = RatexBridge.h; sourceTree = "<group>"; };
		2EC0209DB06113C27A831BE3 /* Templates.swift */ = {isa = PBXFileReference; lastKnownFileType = sourcecode.swift; path = Templates.swift; sourceTree = "<group>"; };
		30C352BAFB4F0292A9033C84 /* WelcomeView.swift */ = {isa = PBXFileReference; lastKnownFileType = sourcecode.swift; path = WelcomeView.swift; sourceTree = "<group>"; };
		58575D004FBF483B95C7B70F /* MathPaletteView.swift */ = {isa = PBXFileReference; lastKnownFileType = sourcecode.swift; path = MathPaletteView.swift; sourceTree = "<group>"; };
		5A5EDAD871E93C6D259B8AE1 /* TeXDocument.swift */ = {isa = PBXFileReference; lastKnownFileType = sourcecode.swift; path = TeXDocument.swift; sourceTree = "<group>"; };
		60296D6062E5C4F4F919738E /* WorkspaceModel.swift */ = {isa = PBXFileReference; lastKnownFileType = sourcecode.swift; path = WorkspaceModel.swift; sourceTree = "<group>"; };
		65735537305F55D4007477E9 /* SettingsView.swift */ = {isa = PBXFileReference; lastKnownFileType = sourcecode.swift; path = SettingsView.swift; sourceTree = "<group>"; };
		6E1BDBF0E8FEA2E92F80AEAE /* PDFKitRepresentable.swift */ = {isa = PBXFileReference; lastKnownFileType = sourcecode.swift; path = PDFKitRepresentable.swift; sourceTree = "<group>"; };
		6FF00E145772C9B23EF172E6 /* libtex.a */ = {isa = PBXFileReference; lastKnownFileType = archive.ar; name = libtex.a; path = "../../vendor/ratex/target/ffi-release/libtex.a"; sourceTree = "<group>"; };
		73AD16181FDDB7427288C6BD /* RatexEditor.app */ = {isa = PBXFileReference; explicitFileType = wrapper.application; includeInIndex = 0; path = RatexEditor.app; sourceTree = BUILT_PRODUCTS_DIR; };
		76E3C28BAF4A20419EC58432 /* Info.plist */ = {isa = PBXFileReference; lastKnownFileType = text.plist.xml; path = Info.plist; sourceTree = "<group>"; };
		A1C01C01C01C01C01C01C001 /* AppIcon.icns */ = {isa = PBXFileReference; lastKnownFileType = image.icns; path = AppIcon.icns; sourceTree = "<group>"; };
		A1C01C01C01C01C01C01C021 /* Localizable.xcstrings */ = {isa = PBXFileReference; lastKnownFileType = text.json.xcstrings; path = Localizable.xcstrings; sourceTree = "<group>"; };
		A1C01C01C01C01C01C01C031 /* InfoPlist.xcstrings */ = {isa = PBXFileReference; lastKnownFileType = text.json.xcstrings; path = InfoPlist.xcstrings; sourceTree = "<group>"; };
		A280A0119C40070B9437C1C3 /* RatexEditor.entitlements */ = {isa = PBXFileReference; lastKnownFileType = text.plist.entitlements; path = RatexEditor.entitlements; sourceTree = "<group>"; };
		C01C01C01C01C01C01C00010 /* ConsoleLogTextView.swift */ = {isa = PBXFileReference; lastKnownFileType = sourcecode.swift; path = ConsoleLogTextView.swift; sourceTree = "<group>"; };
		C79AC86B21DA893C1FE8EDC0 /* RatexEngine.swift */ = {isa = PBXFileReference; lastKnownFileType = sourcecode.swift; path = RatexEngine.swift; sourceTree = "<group>"; };
		C7C98C73A6BCC373E9310188 /* RatexEditorApp.swift */ = {isa = PBXFileReference; lastKnownFileType = sourcecode.swift; path = RatexEditorApp.swift; sourceTree = "<group>"; };
		D1612EA3F45DF5BA2BE63FF7 /* EditorToolbar.swift */ = {isa = PBXFileReference; lastKnownFileType = sourcecode.swift; path = EditorToolbar.swift; sourceTree = "<group>"; };
		E34EFE8821485D62E7C7752F /* EditorState.swift */ = {isa = PBXFileReference; lastKnownFileType = sourcecode.swift; path = EditorState.swift; sourceTree = "<group>"; };
		E93DD05592F907E7861685B7 /* MainSplitView.swift */ = {isa = PBXFileReference; lastKnownFileType = sourcecode.swift; path = MainSplitView.swift; sourceTree = "<group>"; };
		F07FED15374212B79C09FBA7 /* ProjectSidebarView.swift */ = {isa = PBXFileReference; lastKnownFileType = sourcecode.swift; path = ProjectSidebarView.swift; sourceTree = "<group>"; };
		F4529BBBC6942CA1D0E54F30 /* SourceEditorView.swift */ = {isa = PBXFileReference; lastKnownFileType = sourcecode.swift; path = SourceEditorView.swift; sourceTree = "<group>"; };
/* End PBXFileReference section */

/* Begin PBXFrameworksBuildPhase section */
		2E736DC4E22966F765AB4C91 /* Frameworks */ = {
			isa = PBXFrameworksBuildPhase;
			buildActionMask = 2147483647;
			files = (
				DB18FF58F4EF21A89EEC8FC5 /* libtex.a in Frameworks */,
			);
			runOnlyForDeploymentPostprocessing = 0;
		};
/* End PBXFrameworksBuildPhase section */

/* Begin PBXGroup section */
		0E5EA55B00962DCEB3E1F3C6 /* App */ = {
			isa = PBXGroup;
			children = (
				C7C98C73A6BCC373E9310188 /* RatexEditorApp.swift */,
			);
			path = App;
			sourceTree = "<group>";
		};
		1EA5FE75E2352406DC9F4345 /* Models */ = {
			isa = PBXGroup;
			children = (
				5A5EDAD871E93C6D259B8AE1 /* TeXDocument.swift */,
				E34EFE8821485D62E7C7752F /* EditorState.swift */,
				2EC0209DB06113C27A831BE3 /* Templates.swift */,
				60296D6062E5C4F4F919738E /* WorkspaceModel.swift */,
			);
			path = Models;
			sourceTree = "<group>";
		};
		4FC14F8A02513B851E18EE78 /* RatexEditor */ = {
			isa = PBXGroup;
			children = (
				0E5EA55B00962DCEB3E1F3C6 /* App */,
				CDF57256D2DD49D3CDB1380E /* Bridge */,
				1EA5FE75E2352406DC9F4345 /* Models */,
				D778815D691A486EF850AB00 /* Views */,
				EE70B022B802CA5D60D152A8 /* Resources */,
			);
			path = RatexEditor;
			sourceTree = "<group>";
		};
		5C3301D8292DBACEA69EE035 /* Products */ = {
			isa = PBXGroup;
			children = (
				73AD16181FDDB7427288C6BD /* RatexEditor.app */,
			);
			name = Products;
			sourceTree = "<group>";
		};
		B9B8DBC97B2054281802674F = {
			isa = PBXGroup;
			children = (
				4FC14F8A02513B851E18EE78 /* RatexEditor */,
				E872BE2E4E13E186DFDAAE9B /* Frameworks */,
				5C3301D8292DBACEA69EE035 /* Products */,
			);
			sourceTree = "<group>";
		};
		CDF57256D2DD49D3CDB1380E /* Bridge */ = {
			isa = PBXGroup;
			children = (
				19B10A18077FDE1B282CB480 /* RatexBridge.h */,
				C79AC86B21DA893C1FE8EDC0 /* RatexEngine.swift */,
			);
			path = Bridge;
			sourceTree = "<group>";
		};
		D778815D691A486EF850AB00 /* Views */ = {
			isa = PBXGroup;
			children = (
				F4529BBBC6942CA1D0E54F30 /* SourceEditorView.swift */,
				6E1BDBF0E8FEA2E92F80AEAE /* PDFKitRepresentable.swift */,
				D1612EA3F45DF5BA2BE63FF7 /* EditorToolbar.swift */,
				58575D004FBF483B95C7B70F /* MathPaletteView.swift */,
				030A63D11EB29D7B0C05ED76 /* DiagnosticsView.swift */,
				E93DD05592F907E7861685B7 /* MainSplitView.swift */,
				F07FED15374212B79C09FBA7 /* ProjectSidebarView.swift */,
				30C352BAFB4F0292A9033C84 /* WelcomeView.swift */,
				C01C01C01C01C01C01C00010 /* ConsoleLogTextView.swift */,
				65735537305F55D4007477E9 /* SettingsView.swift */,
			);
			path = Views;
			sourceTree = "<group>";
		};
		E872BE2E4E13E186DFDAAE9B /* Frameworks */ = {
			isa = PBXGroup;
			children = (
				6FF00E145772C9B23EF172E6 /* libtex.a */,
			);
			name = Frameworks;
			sourceTree = "<group>";
		};
		EE70B022B802CA5D60D152A8 /* Resources */ = {
			isa = PBXGroup;
			children = (
				A1C01C01C01C01C01C01C001 /* AppIcon.icns */,
				76E3C28BAF4A20419EC58432 /* Info.plist */,
				A280A0119C40070B9437C1C3 /* RatexEditor.entitlements */,
				A1C01C01C01C01C01C01C021 /* Localizable.xcstrings */,
				A1C01C01C01C01C01C01C031 /* InfoPlist.xcstrings */,
			);
			path = Resources;
			sourceTree = "<group>";
		};
/* End PBXGroup section */

/* Begin PBXNativeTarget section */
		3AE6B15BEA674341CF335134 /* RatexEditor */ = {
			isa = PBXNativeTarget;
			buildConfigurationList = 1BD8AF6241EA4D2BCB89A821 /* Build configuration list for PBXNativeTarget "RatexEditor" */;
			buildPhases = (
				8BB8ABC24AB723F99D4DD920 /* Sources */,
				2E736DC4E22966F765AB4C91 /* Frameworks */,
				01CC597ABAD15DB9D2376BE0 /* Resources */,
			);
			buildRules = (
			);
			dependencies = (
			);
			name = RatexEditor;
			productName = RatexEditor;
			productReference = 73AD16181FDDB7427288C6BD /* RatexEditor.app */;
			productType = "com.apple.product-type.application";
		};
/* End PBXNativeTarget section */

/* Begin PBXProject section */
		1781F676DEDF5767F3243DB0 /* Project object */ = {
			isa = PBXProject;
			attributes = {
				BuildIndependentTargetsInParallel = 1;
				LastSwiftUpdateCheck = 1600;
				LastUpgradeCheck = 2700;
				TargetAttributes = {
					3AE6B15BEA674341CF335134 = {
						CreatedOnToolsVersion = 16.0;
					};
				};
			};
			buildConfigurationList = 312AEC4A30A709044C1B251A /* Build configuration list for PBXProject "RatexEditor" */;
			compatibilityVersion = "Xcode 14.0";
			developmentRegion = en;
			hasScannedForEncodings = 0;
			knownRegions = (
				en,
				Base,
				it,
			);
			mainGroup = B9B8DBC97B2054281802674F;
			productRefGroup = 5C3301D8292DBACEA69EE035 /* Products */;
			projectDirPath = "";
			projectRoot = "";
			targets = (
				3AE6B15BEA674341CF335134 /* RatexEditor */,
			);
		};
/* End PBXProject section */

/* Begin PBXResourcesBuildPhase section */
		01CC597ABAD15DB9D2376BE0 /* Resources */ = {
			isa = PBXResourcesBuildPhase;
			buildActionMask = 2147483647;
			files = (
				A1C01C01C01C01C01C01C002 /* AppIcon.icns in Resources */,
				A1C01C01C01C01C01C01C020 /* Localizable.xcstrings in Resources */,
				A1C01C01C01C01C01C01C030 /* InfoPlist.xcstrings in Resources */,
			);
			runOnlyForDeploymentPostprocessing = 0;
		};
/* End PBXResourcesBuildPhase section */

/* Begin PBXSourcesBuildPhase section */
		8BB8ABC24AB723F99D4DD920 /* Sources */ = {
			isa = PBXSourcesBuildPhase;
			buildActionMask = 2147483647;
			files = (
				1ED671438D343D57EAB98652 /* RatexEditorApp.swift in Sources */,
				51B31CCA98C14F284664B733 /* RatexEngine.swift in Sources */,
				90945AFCCB876E942014ABA4 /* TeXDocument.swift in Sources */,
				00317EF7895D2DB3E87935FF /* EditorState.swift in Sources */,
				A17A4D928FE8E0151E51901C /* Templates.swift in Sources */,
				65735538305F55D4007477E9 /* SettingsView.swift in Sources */,
				F52F151697094F7BE5519D91 /* SourceEditorView.swift in Sources */,
				1A0A3A18C5B0B1F8E342101B /* PDFKitRepresentable.swift in Sources */,
				97E9DEDDB05B441171B7D999 /* EditorToolbar.swift in Sources */,
				B50DB72C49E2CA29024FBDC9 /* MathPaletteView.swift in Sources */,
				07F93E64C5DBAC310348DBCC /* DiagnosticsView.swift in Sources */,
				D6ADEC0A7CC0A442931F6433 /* MainSplitView.swift in Sources */,
				3D4AFC07CF3C59CB23B78A75 /* WorkspaceModel.swift in Sources */,
				C90AE133133FDDE6B931F5D9 /* ProjectSidebarView.swift in Sources */,
				2D6C5FF3F0A4792E53002240 /* WelcomeView.swift in Sources */,
				C01C01C01C01C01C01C00011 /* ConsoleLogTextView.swift in Sources */,
			);
			runOnlyForDeploymentPostprocessing = 0;
		};
/* End PBXSourcesBuildPhase section */

/* Begin XCBuildConfiguration section */
		56B95898396FDC89456F149A /* Debug */ = {
			isa = XCBuildConfiguration;
			buildSettings = {
				CODE_SIGN_ENTITLEMENTS = RatexEditor/Resources/RatexEditor.entitlements;
				CODE_SIGN_IDENTITY = "-";
				CODE_SIGN_STYLE = Automatic;
				COMBINE_HIDPI_IMAGES = YES;
				CURRENT_PROJECT_VERSION = 1;
				DEAD_CODE_STRIPPING = YES;
				GENERATE_INFOPLIST_FILE = NO;
				HEADER_SEARCH_PATHS = (
					"$(inherited)",
					"$(SRCROOT)/../../vendor/ratex/crates/libtex/include",
				);
				INFOPLIST_FILE = RatexEditor/Resources/Info.plist;
				INFOPLIST_KEY_CFBundleDisplayName = RatexEditor;
				LD_RUNPATH_SEARCH_PATHS = (
					"$(inherited)",
					"@executable_path/../Frameworks",
				);
				LIBRARY_SEARCH_PATHS = (
					"$(inherited)",
					"$(SRCROOT)/../../vendor/ratex/target/ffi-release",
				);
				MARKETING_VERSION = 0.3.0;
				OTHER_LDFLAGS = (
					"$(inherited)",
					"$(SRCROOT)/../../vendor/ratex/target/ffi-release/libtex.a",
				);
				PRODUCT_BUNDLE_IDENTIFIER = com.ratex.RatexEditor;
				PRODUCT_NAME = "$(TARGET_NAME)";
				SWIFT_EMIT_LOC_STRINGS = YES;
				SWIFT_OBJC_BRIDGING_HEADER = RatexEditor/Bridge/RatexBridge.h;
				SWIFT_VERSION = 5.0;
			};
			name = Debug;
		};
		6E78E6E5C5E1391B668FE9E0 /* Debug */ = {
			isa = XCBuildConfiguration;
			buildSettings = {
				ALWAYS_SEARCH_USER_PATHS = NO;
				ASSETCATALOG_COMPILER_GENERATE_SWIFT_ASSET_SYMBOL_EXTENSIONS = YES;
				CLANG_ANALYZER_LOCALIZABILITY_NONLOCALIZED = YES;
				CLANG_ANALYZER_NONNULL = YES;
				CLANG_CXX_LANGUAGE_STANDARD = "gnu++20";
				CLANG_ENABLE_MODULES = YES;
				CLANG_ENABLE_OBJC_ARC = YES;
				CLANG_WARN_BLOCK_CAPTURE_AUTORELEASING = YES;
				CLANG_WARN_BOOL_CONVERSION = YES;
				CLANG_WARN_COMMA = YES;
				CLANG_WARN_CONSTANT_CONVERSION = YES;
				CLANG_WARN_DEPRECATED_OBJC_IMPLEMENTATIONS = YES;
				CLANG_WARN_EMPTY_BODY = YES;
				CLANG_WARN_ENUM_CONVERSION = YES;
				CLANG_WARN_INFINITE_RECURSION = YES;
				CLANG_WARN_INT_CONVERSION = YES;
				CLANG_WARN_NON_LITERAL_NULL_CONVERSION = YES;
				CLANG_WARN_OBJC_IMPLICIT_RETAIN_SELF = YES;
				CLANG_WARN_OBJC_LITERAL_CONVERSION = YES;
				CLANG_WARN_QUOTED_INCLUDE_IN_FRAMEWORK_HEADER = YES;
				CLANG_WARN_RANGE_LOOP_ANALYSIS = YES;
				CLANG_WARN_STRICT_PROTOTYPES = YES;
				CLANG_WARN_SUSPICIOUS_MOVE = YES;
				CLANG_WARN_UNREACHABLE_CODE = YES;
				CLANG_WARN__DUPLICATE_METHOD_MATCH = YES;
				COPY_PHASE_STRIP = NO;
				DEAD_CODE_STRIPPING = YES;
				DEBUG_INFORMATION_FORMAT = dwarf;
				ENABLE_STRICT_OBJC_MSGSEND = YES;
				ENABLE_TESTABILITY = YES;
				ENABLE_USER_SCRIPT_SANDBOXING = YES;
				GCC_NO_COMMON_BLOCKS = YES;
				GCC_OPTIMIZATION_LEVEL = 0;
				GCC_PREPROCESSOR_DEFINITIONS = (
					"DEBUG=1",
					"$(inherited)",
				);
				GCC_WARN_64_TO_32_BIT_CONVERSION = YES;
				GCC_WARN_ABOUT_RETURN_TYPE = YES;
				GCC_WARN_UNDECLARED_SELECTOR = YES;
				GCC_WARN_UNINITIALIZED_AUTOS = YES;
				GCC_WARN_UNUSED_FUNCTION = YES;
				GCC_WARN_UNUSED_VARIABLE = YES;
				MACOSX_DEPLOYMENT_TARGET = 26.0;
				ONLY_ACTIVE_ARCH = YES;
				SDKROOT = macosx;
				STRING_CATALOG_GENERATE_SYMBOLS = YES;
				SWIFT_ACTIVE_COMPILATION_CONDITIONS = DEBUG;
				SWIFT_OPTIMIZATION_LEVEL = "-Onone";
			};
			name = Debug;
		};
		D13E8D5B790666F2F9A8DB87 /* Release */ = {
			isa = XCBuildConfiguration;
			buildSettings = {
				ALWAYS_SEARCH_USER_PATHS = NO;
				ASSETCATALOG_COMPILER_GENERATE_SWIFT_ASSET_SYMBOL_EXTENSIONS = YES;
				CLANG_ANALYZER_LOCALIZABILITY_NONLOCALIZED = YES;
				CLANG_ANALYZER_NONNULL = YES;
				CLANG_CXX_LANGUAGE_STANDARD = "gnu++20";
				CLANG_ENABLE_MODULES = YES;
				CLANG_ENABLE_OBJC_ARC = YES;
				CLANG_WARN_BLOCK_CAPTURE_AUTORELEASING = YES;
				CLANG_WARN_BOOL_CONVERSION = YES;
				CLANG_WARN_COMMA = YES;
				CLANG_WARN_CONSTANT_CONVERSION = YES;
				CLANG_WARN_DEPRECATED_OBJC_IMPLEMENTATIONS = YES;
				CLANG_WARN_EMPTY_BODY = YES;
				CLANG_WARN_ENUM_CONVERSION = YES;
				CLANG_WARN_INFINITE_RECURSION = YES;
				CLANG_WARN_INT_CONVERSION = YES;
				CLANG_WARN_NON_LITERAL_NULL_CONVERSION = YES;
				CLANG_WARN_OBJC_IMPLICIT_RETAIN_SELF = YES;
				CLANG_WARN_OBJC_LITERAL_CONVERSION = YES;
				CLANG_WARN_QUOTED_INCLUDE_IN_FRAMEWORK_HEADER = YES;
				CLANG_WARN_RANGE_LOOP_ANALYSIS = YES;
				CLANG_WARN_STRICT_PROTOTYPES = YES;
				CLANG_WARN_SUSPICIOUS_MOVE = YES;
				CLANG_WARN_UNREACHABLE_CODE = YES;
				CLANG_WARN__DUPLICATE_METHOD_MATCH = YES;
				COPY_PHASE_STRIP = NO;
				DEAD_CODE_STRIPPING = YES;
				DEBUG_INFORMATION_FORMAT = "dwarf-with-dsym";
				ENABLE_NS_ASSERTIONS = NO;
				ENABLE_STRICT_OBJC_MSGSEND = YES;
				ENABLE_USER_SCRIPT_SANDBOXING = YES;
				GCC_NO_COMMON_BLOCKS = YES;
				GCC_OPTIMIZATION_LEVEL = s;
				GCC_WARN_64_TO_32_BIT_CONVERSION = YES;
				GCC_WARN_ABOUT_RETURN_TYPE = YES;
				GCC_WARN_UNDECLARED_SELECTOR = YES;
				GCC_WARN_UNINITIALIZED_AUTOS = YES;
				GCC_WARN_UNUSED_FUNCTION = YES;
				GCC_WARN_UNUSED_VARIABLE = YES;
				MACOSX_DEPLOYMENT_TARGET = 26.0;
				ONLY_ACTIVE_ARCH = YES;
				SDKROOT = macosx;
				STRING_CATALOG_GENERATE_SYMBOLS = YES;
				SWIFT_COMPILATION_MODE = wholemodule;
				SWIFT_OPTIMIZATION_LEVEL = "-O";
			};
			name = Release;
		};
		D3D3DED13946D2F1D3C88225 /* Release */ = {
			isa = XCBuildConfiguration;
			buildSettings = {
				CODE_SIGN_ENTITLEMENTS = RatexEditor/Resources/RatexEditor.entitlements;
				CODE_SIGN_IDENTITY = "-";
				CODE_SIGN_STYLE = Automatic;
				COMBINE_HIDPI_IMAGES = YES;
				CURRENT_PROJECT_VERSION = 1;
				DEAD_CODE_STRIPPING = YES;
				GENERATE_INFOPLIST_FILE = NO;
				HEADER_SEARCH_PATHS = (
					"$(inherited)",
					"$(SRCROOT)/../../vendor/ratex/crates/libtex/include",
				);
				INFOPLIST_FILE = RatexEditor/Resources/Info.plist;
				INFOPLIST_KEY_CFBundleDisplayName = RatexEditor;
				LD_RUNPATH_SEARCH_PATHS = (
					"$(inherited)",
					"@executable_path/../Frameworks",
				);
				LIBRARY_SEARCH_PATHS = (
					"$(inherited)",
					"$(SRCROOT)/../../vendor/ratex/target/ffi-release",
				);
				MARKETING_VERSION = 0.3.0;
				OTHER_LDFLAGS = (
					"$(inherited)",
					"$(SRCROOT)/../../vendor/ratex/target/ffi-release/libtex.a",
				);
				PRODUCT_BUNDLE_IDENTIFIER = com.ratex.RatexEditor;
				PRODUCT_NAME = "$(TARGET_NAME)";
				SWIFT_EMIT_LOC_STRINGS = YES;
				SWIFT_OBJC_BRIDGING_HEADER = RatexEditor/Bridge/RatexBridge.h;
				SWIFT_VERSION = 5.0;
			};
			name = Release;
		};
/* End XCBuildConfiguration section */

/* Begin XCConfigurationList section */
		1BD8AF6241EA4D2BCB89A821 /* Build configuration list for PBXNativeTarget "RatexEditor" */ = {
			isa = XCConfigurationList;
			buildConfigurations = (
				56B95898396FDC89456F149A /* Debug */,
				D3D3DED13946D2F1D3C88225 /* Release */,
			);
			defaultConfigurationIsVisible = 0;
			defaultConfigurationName = Release;
		};
		312AEC4A30A709044C1B251A /* Build configuration list for PBXProject "RatexEditor" */ = {
			isa = XCConfigurationList;
			buildConfigurations = (
				6E78E6E5C5E1391B668FE9E0 /* Debug */,
				D13E8D5B790666F2F9A8DB87 /* Release */,
			);
			defaultConfigurationIsVisible = 0;
			defaultConfigurationName = Release;
		};
/* End XCConfigurationList section */
	};
	rootObject = 1781F676DEDF5767F3243DB0 /* Project object */;
}
